
Microsoft Visual Studio Solution File, Format Version 12.00
# Visual Studio 15
Project("{FAE04EC0-301F-11D3-BF4B-00C04F79EFBC}") = "Assembly-CSharp", "Assembly-CSharp.csproj", "{877BD8BD-F1D8-9B53-BB42-E5B16DFD32CC}"
EndProject
Global
	GlobalSection(SolutionConfigurationPlatforms) = preSolution
		Debug|Any CPU = Debug|Any CPU
		Release|Any CPU = Release|Any CPU
	EndGlobalSection
	GlobalSection(ProjectConfigurationPlatforms) = postSolution
		{877BD8BD-F1D8-9B53-BB42-E5B16DFD32CC}.Debug|Any CPU.ActiveCfg = Debug|Any CPU
		{877BD8BD-F1D8-9B53-BB42-E5B16DFD32CC}.Debug|Any CPU.Build.0 = Debug|Any CPU
		{877BD8BD-F1D8-9B53-BB42-E5B16DFD32CC}.Release|Any CPU.ActiveCfg = Release|Any CPU
		{877BD8BD-F1D8-9B53-BB42-E5B16DFD32CC}.Release|Any CPU.Build.0 = Release|Any CPU
	EndGlobalSection
	GlobalSection(SolutionProperties) = preSolution
		HideSolutionNode = FALSE
	EndGlobalSection
EndGlobal
